
Microsoft Visual Studio Solution File, Format Version 12.00
# Visual Studio Version 17
VisualStudioVersion = 17.5.33530.505
MinimumVisualStudioVersion = 10.0.40219.1
Project("{9A19103F-16F7-4668-BE54-9A1E7A4F7556}") = "ConsoleApp1", "ConsoleApp1.csproj", "{C1AAB7A4-5068-4761-A372-894D4016A84C}"
EndProject
Global
	GlobalSection(SolutionConfigurationPlatforms) = preSolution
		Debug|Any CPU = Debug|Any CPU
		Release|Any CPU = Release|Any CPU
	EndGlobalSection
	GlobalSection(ProjectConfigurationPlatforms) = postSolution
		{C1AAB7A4-5068-4761-A372-894D4016A84C}.Debug|Any CPU.ActiveCfg = Debug|Any CPU
		{C1AAB7A4-5068-4761-A372-894D4016A84C}.Debug|Any CPU.Build.0 = Debug|Any CPU
		{C1AAB7A4-5068-4761-A372-894D4016A84C}.Release|Any CPU.ActiveCfg = Release|Any CPU
		{C1AAB7A4-5068-4761-A372-894D4016A84C}.Release|Any CPU.Build.0 = Release|Any CPU
	EndGlobalSection
	GlobalSection(SolutionProperties) = preSolution
		HideSolutionNode = FALSE
	EndGlobalSection
	GlobalSection(ExtensibilityGlobals) = postSolution
		SolutionGuid = {DA7A64CE-AED9-4D8D-9486-BD88A9F746C1}
	EndGlobalSection
EndGlobal
